{
  "nodes": {
    "cachix": {
      "locked": {
        "lastModified": 1625876282,
        "narHash": "sha256-z/Gv+11Uzdv3HcQCY+xGi1+iuc3rmCaPzxxDSMnuRAI=",
        "owner": "nixos",
        "repo": "nixpkgs",
        "rev": "068984c00e0d4e54b6684d98f6ac47c92dcb642e",
        "type": "github"
      },
      "original": {
        "owner": "nixos",
        "ref": "nixos-20.09",
        "repo": "nixpkgs",
        "type": "github"
      }
    },
    "flake-utils": {
      "locked": {
        "lastModified": 1623875721,
        "narHash": "sha256-A8BU7bjS5GirpAUv4QA+QnJ4CceLHkcXdRp4xITDB0s=",
        "owner": "numtide",
        "repo": "flake-utils",
        "rev": "f7e004a55b120c02ecb6219596820fcd32ca8772",
        "type": "github"
      },
      "original": {
        "owner": "numtide",
        "repo": "flake-utils",
        "type": "github"
      }
    },
    "home-manager": {
      "inputs": {
        "nixpkgs": [
          "nixpkgs"
        ]
      },
      "locked": {
        "lastModified": 1627592512,
        "narHash": "sha256-+bauwACGl+/dTQB047XImRz5P6Lp6vxl5ruiKjtENxo=",
        "owner": "nix-community",
        "repo": "home-manager",
        "rev": "7f976da06840c268cc291a021bab7532b923713c",
        "type": "github"
      },
      "original": {
        "owner": "nix-community",
        "repo": "home-manager",
        "type": "github"
      }
    },
    "libratbag": {
      "flake": false,
      "locked": {
        "lastModified": 1627161938,
        "narHash": "sha256-77PZkrWNMhnPj1fPmv3TWxcZDZY4+fV58oEzQgetB3Y=",
        "owner": "libratbag",
        "repo": "libratbag",
        "rev": "62f26e797ec50fc572e22bc1d03e215f66ebeb20",
        "type": "github"
      },
      "original": {
        "owner": "libratbag",
        "repo": "libratbag",
        "type": "github"
      }
    },
    "mdloader": {
      "flake": false,
      "locked": {
        "lastModified": 1602023898,
        "narHash": "sha256-vuoYxeNisU5bQbsNg3yUdGn2LmkxoNY15WH9cBFNt98=",
        "owner": "Massdrop",
        "repo": "mdloader",
        "rev": "9df711a7c2df36ad9efae34fb7302ecbfa49c0a6",
        "type": "github"
      },
      "original": {
        "owner": "Massdrop",
        "repo": "mdloader",
        "type": "github"
      }
    },
    "neovim-contrib": {
      "inputs": {
        "flake-utils": [
          "flake-utils"
        ],
        "nixpkgs": [
          "nixpkgs"
        ]
      },
      "locked": {
        "dir": "contrib",
        "lastModified": 1627896163,
        "narHash": "sha256-6UcrdjF1FduMxeSSbxmYsDxRhleFtpWtBU2gRt0/rFM=",
        "owner": "neovim",
        "repo": "neovim",
        "rev": "3f9a838454e78252cfd90311472978960040d4ec",
        "type": "github"
      },
      "original": {
        "dir": "contrib",
        "owner": "neovim",
        "repo": "neovim",
        "type": "github"
      }
    },
    "nixpkgs": {
      "locked": {
        "lastModified": 1627391865,
        "narHash": "sha256-tPoWBO9Nzu3wuX37WcnctzL6LoDCErJLnfLGqqmXCm4=",
        "owner": "NixOS",
        "repo": "nixpkgs",
        "rev": "8ecc61c91a596df7d3293603a9c2384190c1b89a",
        "type": "github"
      },
      "original": {
        "owner": "NixOS",
        "ref": "nixos-unstable",
        "repo": "nixpkgs",
        "type": "github"
      }
    },
    "nixpkgs-wayland": {
      "inputs": {
        "cachix": "cachix",
        "nixpkgs": [
          "nixpkgs"
        ]
      },
      "locked": {
        "lastModified": 1627893471,
        "narHash": "sha256-aeUqLFjEatI6E0DgbNnFOiIN+mdab7T5tuVTlGF3MA4=",
        "owner": "colemickens",
        "repo": "nixpkgs-wayland",
        "rev": "f480a43c3ede454eb0ef1db310800c3c8a9fbaa0",
        "type": "github"
      },
      "original": {
        "owner": "colemickens",
        "repo": "nixpkgs-wayland",
        "type": "github"
      }
    },
    "root": {
      "inputs": {
        "flake-utils": "flake-utils",
        "home-manager": "home-manager",
        "libratbag": "libratbag",
        "mdloader": "mdloader",
        "neovim-contrib": "neovim-contrib",
        "nixpkgs": "nixpkgs",
        "nixpkgs-wayland": "nixpkgs-wayland",
        "rust-overlay": "rust-overlay"
      }
    },
    "rust-overlay": {
      "inputs": {
        "flake-utils": [
          "flake-utils"
        ],
        "nixpkgs": [
          "nixpkgs"
        ]
      },
      "locked": {
        "lastModified": 1627870491,
        "narHash": "sha256-0Myg04QOIcTN1RhgfRNx0i/iCRyVyf/Z6rJxZUmot5k=",
        "owner": "oxalica",
        "repo": "rust-overlay",
        "rev": "71d825269cfaa30605d058bd92381be9af87b0be",
        "type": "github"
      },
      "original": {
        "owner": "oxalica",
        "repo": "rust-overlay",
        "type": "github"
      }
    }
  },
  "root": "root",
  "version": 7
}
