{
  "nodes": {
    "cachix": {
      "locked": {
        "lastModified": 1623790210,
        "narHash": "sha256-IXBGprHeTRMXJDvHjYxOcv4XMLmGgMiWZ0r9ls1h4zk=",
        "owner": "nixos",
        "repo": "nixpkgs",
        "rev": "34cb7885a61c344a22f262520186921843bc7636",
        "type": "github"
      },
      "original": {
        "owner": "nixos",
        "ref": "nixos-20.09",
        "repo": "nixpkgs",
        "type": "github"
      }
    },
    "flake-utils": {
      "locked": {
        "lastModified": 1623875721,
        "narHash": "sha256-A8BU7bjS5GirpAUv4QA+QnJ4CceLHkcXdRp4xITDB0s=",
        "owner": "numtide",
        "repo": "flake-utils",
        "rev": "f7e004a55b120c02ecb6219596820fcd32ca8772",
        "type": "github"
      },
      "original": {
        "owner": "numtide",
        "repo": "flake-utils",
        "type": "github"
      }
    },
    "home-manager": {
      "inputs": {
        "nixpkgs": [
          "nixpkgs"
        ]
      },
      "locked": {
        "lastModified": 1623891976,
        "narHash": "sha256-zmEY+R0sYvdCDcSLx9KjhWTB5iNY1f1BwkeCZRn7Ho0=",
        "owner": "nix-community",
        "repo": "home-manager",
        "rev": "3aa479d55101346fffe49235caf39566c4b62732",
        "type": "github"
      },
      "original": {
        "owner": "nix-community",
        "repo": "home-manager",
        "type": "github"
      }
    },
    "libratbag": {
      "flake": false,
      "locked": {
        "lastModified": 1619656683,
        "narHash": "sha256-Cl71bzq3Bf2HNbq/aeWa5LTWT9oNdaHpQUNjAvCsVns=",
        "owner": "libratbag",
        "repo": "libratbag",
        "rev": "abe451df33c7dbc65df9fa0c2e8d012253d2a2bd",
        "type": "github"
      },
      "original": {
        "owner": "libratbag",
        "repo": "libratbag",
        "type": "github"
      }
    },
    "mdloader": {
      "flake": false,
      "locked": {
        "lastModified": 1602023898,
        "narHash": "sha256-vuoYxeNisU5bQbsNg3yUdGn2LmkxoNY15WH9cBFNt98=",
        "owner": "Massdrop",
        "repo": "mdloader",
        "rev": "9df711a7c2df36ad9efae34fb7302ecbfa49c0a6",
        "type": "github"
      },
      "original": {
        "owner": "Massdrop",
        "repo": "mdloader",
        "type": "github"
      }
    },
    "neovim-contrib": {
      "inputs": {
        "flake-utils": [
          "flake-utils"
        ],
        "nixpkgs": [
          "nixpkgs"
        ]
      },
      "locked": {
        "dir": "contrib",
        "lastModified": 1623911950,
        "narHash": "sha256-duzdmU8fNVC4uL7ASJ/HCjprnnkfYSD6HE9FhT4/t/U=",
        "owner": "neovim",
        "repo": "neovim",
        "rev": "a03ffe16023faab119cefe28a4f465c9de767afd",
        "type": "github"
      },
      "original": {
        "dir": "contrib",
        "owner": "neovim",
        "repo": "neovim",
        "type": "github"
      }
    },
    "nixpkgs": {
      "locked": {
        "lastModified": 1623580589,
        "narHash": "sha256-Ayp1cjXpwFCkAiWUE46rj9APTltsiEBdIs2+cj+U7+c=",
        "owner": "NixOS",
        "repo": "nixpkgs",
        "rev": "fa0326ce5233f7d592271df52c9d0812bec47b84",
        "type": "github"
      },
      "original": {
        "owner": "NixOS",
        "ref": "nixos-unstable",
        "repo": "nixpkgs",
        "type": "github"
      }
    },
    "nixpkgs-wayland": {
      "inputs": {
        "cachix": "cachix",
        "nixpkgs": [
          "nixpkgs"
        ]
      },
      "locked": {
        "lastModified": 1623923631,
        "narHash": "sha256-CKMKHhj1uV5fusYxLgLcgRUZPkF6mPJUTz5s8GOTcKU=",
        "owner": "colemickens",
        "repo": "nixpkgs-wayland",
        "rev": "4bba737e1b725072d181947e8c757344f079a888",
        "type": "github"
      },
      "original": {
        "owner": "colemickens",
        "repo": "nixpkgs-wayland",
        "type": "github"
      }
    },
    "root": {
      "inputs": {
        "flake-utils": "flake-utils",
        "home-manager": "home-manager",
        "libratbag": "libratbag",
        "mdloader": "mdloader",
        "neovim-contrib": "neovim-contrib",
        "nixpkgs": "nixpkgs",
        "nixpkgs-wayland": "nixpkgs-wayland",
        "rust-overlay": "rust-overlay"
      }
    },
    "rust-overlay": {
      "inputs": {
        "flake-utils": [
          "flake-utils"
        ],
        "nixpkgs": [
          "nixpkgs"
        ]
      },
      "locked": {
        "lastModified": 1623924116,
        "narHash": "sha256-/lIl1vij20/UD5JB/qCFESl8OH5zabijyn7Jwu+QNlo=",
        "owner": "oxalica",
        "repo": "rust-overlay",
        "rev": "146a9a0cb6549301ab04e46ad36bb7010f885bd0",
        "type": "github"
      },
      "original": {
        "owner": "oxalica",
        "repo": "rust-overlay",
        "type": "github"
      }
    }
  },
  "root": "root",
  "version": 7
}
