{
  "nodes": {
    "cachix": {
      "locked": {
        "lastModified": 1623351452,
        "narHash": "sha256-V7DDbbl6h9OyVVMviURW1+pWU6ttYmuRuQRlFrlKZb0=",
        "owner": "nixos",
        "repo": "nixpkgs",
        "rev": "6f3e97e3f8cca69ad2528c8459682900a9b34a2f",
        "type": "github"
      },
      "original": {
        "owner": "nixos",
        "ref": "nixos-20.09",
        "repo": "nixpkgs",
        "type": "github"
      }
    },
    "flake-utils": {
      "locked": {
        "lastModified": 1622445595,
        "narHash": "sha256-m+JRe6Wc5OZ/mKw2bB3+Tl0ZbtyxxxfnAWln8Q5qs+Y=",
        "owner": "numtide",
        "repo": "flake-utils",
        "rev": "7d706970d94bc5559077eb1a6600afddcd25a7c8",
        "type": "github"
      },
      "original": {
        "owner": "numtide",
        "repo": "flake-utils",
        "type": "github"
      }
    },
    "home-manager": {
      "inputs": {
        "nixpkgs": [
          "nixpkgs"
        ]
      },
      "locked": {
        "lastModified": 1623484558,
        "narHash": "sha256-/pHiSArhS3Eker0RVKO0dgrqf/isqufPgSgx5cRwhMg=",
        "owner": "nix-community",
        "repo": "home-manager",
        "rev": "fb50102daf904c4ced33374816f9ee2cfde24c01",
        "type": "github"
      },
      "original": {
        "owner": "nix-community",
        "repo": "home-manager",
        "type": "github"
      }
    },
    "libratbag": {
      "flake": false,
      "locked": {
        "lastModified": 1619656683,
        "narHash": "sha256-Cl71bzq3Bf2HNbq/aeWa5LTWT9oNdaHpQUNjAvCsVns=",
        "owner": "libratbag",
        "repo": "libratbag",
        "rev": "abe451df33c7dbc65df9fa0c2e8d012253d2a2bd",
        "type": "github"
      },
      "original": {
        "owner": "libratbag",
        "repo": "libratbag",
        "type": "github"
      }
    },
    "mdloader": {
      "flake": false,
      "locked": {
        "lastModified": 1602023898,
        "narHash": "sha256-vuoYxeNisU5bQbsNg3yUdGn2LmkxoNY15WH9cBFNt98=",
        "owner": "Massdrop",
        "repo": "mdloader",
        "rev": "9df711a7c2df36ad9efae34fb7302ecbfa49c0a6",
        "type": "github"
      },
      "original": {
        "owner": "Massdrop",
        "repo": "mdloader",
        "type": "github"
      }
    },
    "neovim-flake": {
      "inputs": {
        "flake-utils": [
          "flake-utils"
        ],
        "nixpkgs": [
          "nixpkgs"
        ]
      },
      "locked": {
        "dir": "contrib",
        "lastModified": 1623545284,
        "narHash": "sha256-zzNCqWIVIgG6QNtDB7z2XAyDSr1I699pHSKECDAmyH4=",
        "owner": "neovim",
        "repo": "neovim",
        "rev": "141647cfbb1f137e3eefe6ba8e658b475e902cac",
        "type": "github"
      },
      "original": {
        "dir": "contrib",
        "owner": "neovim",
        "repo": "neovim",
        "type": "github"
      }
    },
    "nixpkgs": {
      "locked": {
        "lastModified": 1623324058,
        "narHash": "sha256-Jm9GUTXdjXz56gWDKy++EpFfjrBaxqXlLvTLfgEi8lo=",
        "owner": "NixOS",
        "repo": "nixpkgs",
        "rev": "432fc2d9a67f92e05438dff5fdc2b39d33f77997",
        "type": "github"
      },
      "original": {
        "owner": "NixOS",
        "ref": "nixos-unstable",
        "repo": "nixpkgs",
        "type": "github"
      }
    },
    "nixpkgs-wayland": {
      "inputs": {
        "cachix": "cachix",
        "nixpkgs": [
          "nixpkgs"
        ]
      },
      "locked": {
        "lastModified": 1623587605,
        "narHash": "sha256-D6Lav+6loek6WZwp3fMggBLircPAUXA/EKYVuvzSPZg=",
        "owner": "colemickens",
        "repo": "nixpkgs-wayland",
        "rev": "f936cd61ae496c2e16744f8d90d214f29d126f39",
        "type": "github"
      },
      "original": {
        "owner": "colemickens",
        "repo": "nixpkgs-wayland",
        "type": "github"
      }
    },
    "root": {
      "inputs": {
        "flake-utils": "flake-utils",
        "home-manager": "home-manager",
        "libratbag": "libratbag",
        "mdloader": "mdloader",
        "neovim-flake": "neovim-flake",
        "nixpkgs": "nixpkgs",
        "nixpkgs-wayland": "nixpkgs-wayland",
        "rust-overlay": "rust-overlay"
      }
    },
    "rust-overlay": {
      "inputs": {
        "flake-utils": [
          "flake-utils"
        ],
        "nixpkgs": [
          "nixpkgs"
        ]
      },
      "locked": {
        "lastModified": 1623550815,
        "narHash": "sha256-RumRrkE6OTJDndHV4qZNZv8kUGnzwRHZQSyzx29r6/g=",
        "owner": "oxalica",
        "repo": "rust-overlay",
        "rev": "9824f142cbd7bc3e2a92eefbb79addfff8704cd3",
        "type": "github"
      },
      "original": {
        "owner": "oxalica",
        "repo": "rust-overlay",
        "type": "github"
      }
    }
  },
  "root": "root",
  "version": 7
}
